
Microsoft Visual Studio Solution File, Format Version 12.00
# Visual Studio Version 17
VisualStudioVersion = 17.2.32602.215
MinimumVisualStudioVersion = 10.0.40219.1
Project("{FAE04EC0-301F-11D3-BF4B-00C04F79EFBC}") = "cookies", "cookies\cookies.csproj", "{3781197B-130D-42EE-AE60-F907CD22C515}"
EndProject
Global
	GlobalSection(SolutionConfigurationPlatforms) = preSolution
		Debug|Any CPU = Debug|Any CPU
		Release|Any CPU = Release|Any CPU
	EndGlobalSection
	GlobalSection(ProjectConfigurationPlatforms) = postSolution
		{3781197B-130D-42EE-AE60-F907CD22C515}.Debug|Any CPU.ActiveCfg = Debug|Any CPU
		{3781197B-130D-42EE-AE60-F907CD22C515}.Debug|Any CPU.Build.0 = Debug|Any CPU
		{3781197B-130D-42EE-AE60-F907CD22C515}.Release|Any CPU.ActiveCfg = Release|Any CPU
		{3781197B-130D-42EE-AE60-F907CD22C515}.Release|Any CPU.Build.0 = Release|Any CPU
	EndGlobalSection
	GlobalSection(SolutionProperties) = preSolution
		HideSolutionNode = FALSE
	EndGlobalSection
	GlobalSection(ExtensibilityGlobals) = postSolution
		SolutionGuid = {3494F8DD-1402-4EED-9105-2A837C1CA747}
	EndGlobalSection
EndGlobal
