
Microsoft Visual Studio Solution File, Format Version 12.00
# Visual Studio Version 17
VisualStudioVersion = 17.2.32602.215
MinimumVisualStudioVersion = 10.0.40219.1
Project("{FAE04EC0-301F-11D3-BF4B-00C04F79EFBC}") = "ENFWwithMVC", "ENwithMVC\ENFWwithMVC.csproj", "{457F7C7C-BC99-453A-A514-A409E7E5A850}"
EndProject
Global
	GlobalSection(SolutionConfigurationPlatforms) = preSolution
		Debug|Any CPU = Debug|Any CPU
		Release|Any CPU = Release|Any CPU
	EndGlobalSection
	GlobalSection(ProjectConfigurationPlatforms) = postSolution
		{457F7C7C-BC99-453A-A514-A409E7E5A850}.Debug|Any CPU.ActiveCfg = Debug|Any CPU
		{457F7C7C-BC99-453A-A514-A409E7E5A850}.Debug|Any CPU.Build.0 = Debug|Any CPU
		{457F7C7C-BC99-453A-A514-A409E7E5A850}.Release|Any CPU.ActiveCfg = Release|Any CPU
		{457F7C7C-BC99-453A-A514-A409E7E5A850}.Release|Any CPU.Build.0 = Release|Any CPU
	EndGlobalSection
	GlobalSection(SolutionProperties) = preSolution
		HideSolutionNode = FALSE
	EndGlobalSection
	GlobalSection(ExtensibilityGlobals) = postSolution
		SolutionGuid = {303D774F-2BA7-4442-AC1A-7B02790357DE}
	EndGlobalSection
EndGlobal
