
Microsoft Visual Studio Solution File, Format Version 12.00
# Visual Studio Version 17
VisualStudioVersion = 17.2.32602.215
MinimumVisualStudioVersion = 10.0.40219.1
Project("{FAE04EC0-301F-11D3-BF4B-00C04F79EFBC}") = "sqlPrac2", "sqlPrac2\sqlPrac2.csproj", "{473BD466-2A3E-4429-BE58-D46AD66C33BD}"
EndProject
Global
	GlobalSection(SolutionConfigurationPlatforms) = preSolution
		Debug|Any CPU = Debug|Any CPU
		Release|Any CPU = Release|Any CPU
	EndGlobalSection
	GlobalSection(ProjectConfigurationPlatforms) = postSolution
		{473BD466-2A3E-4429-BE58-D46AD66C33BD}.Debug|Any CPU.ActiveCfg = Debug|Any CPU
		{473BD466-2A3E-4429-BE58-D46AD66C33BD}.Debug|Any CPU.Build.0 = Debug|Any CPU
		{473BD466-2A3E-4429-BE58-D46AD66C33BD}.Release|Any CPU.ActiveCfg = Release|Any CPU
		{473BD466-2A3E-4429-BE58-D46AD66C33BD}.Release|Any CPU.Build.0 = Release|Any CPU
	EndGlobalSection
	GlobalSection(SolutionProperties) = preSolution
		HideSolutionNode = FALSE
	EndGlobalSection
	GlobalSection(ExtensibilityGlobals) = postSolution
		SolutionGuid = {E7D99654-3563-46EF-9F94-E4B78DEA6ECB}
	EndGlobalSection
EndGlobal
